
Microsoft Visual Studio Solution File, Format Version 12.00
# Visual Studio 15
Project("{FAE04EC0-301F-11D3-BF4B-00C04F79EFBC}") = "City", "Assembly-CSharp.csproj", "{DFF9CAAD-577B-F675-8F21-5AAEE6EDA931}"
EndProject
Project("{FAE04EC0-301F-11D3-BF4B-00C04F79EFBC}") = "City", "Assembly-CSharp-Editor.csproj", "{912580CD-7232-F1A9-90F2-AC78819457D0}"
EndProject
Global
	GlobalSection(SolutionConfigurationPlatforms) = preSolution
		Debug|Any CPU = Debug|Any CPU
		Release|Any CPU = Release|Any CPU
	EndGlobalSection
	GlobalSection(ProjectConfigurationPlatforms) = postSolution
		{DFF9CAAD-577B-F675-8F21-5AAEE6EDA931}.Debug|Any CPU.ActiveCfg = Debug|Any CPU
		{DFF9CAAD-577B-F675-8F21-5AAEE6EDA931}.Debug|Any CPU.Build.0 = Debug|Any CPU
		{DFF9CAAD-577B-F675-8F21-5AAEE6EDA931}.Release|Any CPU.ActiveCfg = Release|Any CPU
		{DFF9CAAD-577B-F675-8F21-5AAEE6EDA931}.Release|Any CPU.Build.0 = Release|Any CPU
		{912580CD-7232-F1A9-90F2-AC78819457D0}.Debug|Any CPU.ActiveCfg = Debug|Any CPU
		{912580CD-7232-F1A9-90F2-AC78819457D0}.Debug|Any CPU.Build.0 = Debug|Any CPU
		{912580CD-7232-F1A9-90F2-AC78819457D0}.Release|Any CPU.ActiveCfg = Release|Any CPU
		{912580CD-7232-F1A9-90F2-AC78819457D0}.Release|Any CPU.Build.0 = Release|Any CPU
	EndGlobalSection
	GlobalSection(SolutionProperties) = preSolution
		HideSolutionNode = FALSE
	EndGlobalSection
EndGlobal
